// !$*UTF8*$!
{
	archiveVersion = 1;
	classes = {
	};
	objectVersion = 77;
	objects = {

/* Begin PBXBuildFile section */
		55A0FA14EC120E744E9C7B76 /* Pods_FormBaseballAI.framework in Frameworks */ = {isa = PBXBuildFile; fileRef = 250FE91557731D028B70971B /* Pods_FormBaseballAI.framework */; };
		97A1FAD267E50F08998476A6 /* Pods_FormBaseballAIUITests.framework in Frameworks */ = {isa = PBXBuildFile; fileRef = 9CE169A5677B1F8151A3E789 /* Pods_FormBaseballAIUITests.framework */; };
		CF03FA7B2B065C5B043C5063 /* Pods_FormBaseballAITests.framework in Frameworks */ = {isa = PBXBuildFile; fileRef = 01517F65C39AB990FB25DEE3 /* Pods_FormBaseballAITests.framework */; };
/* End PBXBuildFile section */

/* Begin PBXContainerItemProxy section */
		FAFFD2262FC2749500746F70 /* PBXContainerItemProxy */ = {
			isa = PBXContainerItemProxy;
			containerPortal = FAFFD2102FC2749400746F70 /* Project object */;
			proxyType = 1;
			remoteGlobalIDString = FAFFD2172FC2749400746F70;
			remoteInfo = FormBaseballAI;
		};
		FAFFD2302FC2749500746F70 /* PBXContainerItemProxy */ = {
			isa = PBXContainerItemProxy;
			containerPortal = FAFFD2102FC2749400746F70 /* Project object */;
			proxyType = 1;
			remoteGlobalIDString = FAFFD2172FC2749400746F70;
			remoteInfo = FormBaseballAI;
		};
/* End PBXContainerItemProxy section */

/* Begin PBXFileReference section */
		01517F65C39AB990FB25DEE3 /* Pods_FormBaseballAITests.framework */ = {isa = PBXFileReference; explicitFileType = wrapper.framework; includeInIndex = 0; path = Pods_FormBaseballAITests.framework; sourceTree = BUILT_PRODUCTS_DIR; };
		250FE91557731D028B70971B /* Pods_FormBaseballAI.framework */ = {isa = PBXFileReference; explicitFileType = wrapper.framework; includeInIndex = 0; path = Pods_FormBaseballAI.framework; sourceTree = BUILT_PRODUCTS_DIR; };
		3370798FFEB9D3B6AC25951C /* Pods-FormBaseballAI.debug.xcconfig */ = {isa = PBXFileReference; includeInIndex = 1; lastKnownFileType = text.xcconfig; name = "Pods-FormBaseballAI.debug.xcconfig"; path = "Target Support Files/Pods-FormBaseballAI/Pods-FormBaseballAI.debug.xcconfig"; sourceTree = "<group>"; };
		62D75E99A315A0CC049643F2 /* Pods-FormBaseballAITests.release.xcconfig */ = {isa = PBXFileReference; includeInIndex = 1; lastKnownFileType = text.xcconfig; name = "Pods-FormBaseballAITests.release.xcconfig"; path = "Target Support Files/Pods-FormBaseballAITests/Pods-FormBaseballAITests.release.xcconfig"; sourceTree = "<group>"; };
		817E6B5CC5173ED83F777FCA /* Pods-FormBaseballAITests.debug.xcconfig */ = {isa = PBXFileReference; includeInIndex = 1; lastKnownFileType = text.xcconfig; name = "Pods-FormBaseballAITests.debug.xcconfig"; path = "Target Support Files/Pods-FormBaseballAITests/Pods-FormBaseballAITests.debug.xcconfig"; sourceTree = "<group>"; };
		94D2A76030AE0290283B267D /* Pods-FormBaseballAIUITests.release.xcconfig */ = {isa = PBXFileReference; includeInIndex = 1; lastKnownFileType = text.xcconfig; name = "Pods-FormBaseballAIUITests.release.xcconfig"; path = "Target Support Files/Pods-FormBaseballAIUITests/Pods-FormBaseballAIUITests.release.xcconfig"; sourceTree = "<group>"; };
		9CE169A5677B1F8151A3E789 /* Pods_FormBaseballAIUITests.framework */ = {isa = PBXFileReference; explicitFileType = wrapper.framework; includeInIndex = 0; path = Pods_FormBaseballAIUITests.framework; sourceTree = BUILT_PRODUCTS_DIR; };
		9F2B8AC83608D265CBD1241E /* Pods-FormBaseballAIUITests.debug.xcconfig */ = {isa = PBXFileReference; includeInIndex = 1; lastKnownFileType = text.xcconfig; name = "Pods-FormBaseballAIUITests.debug.xcconfig"; path = "Target Support Files/Pods-FormBaseballAIUITests/Pods-FormBaseballAIUITests.debug.xcconfig"; sourceTree = "<group>"; };
		FAFFD2182FC2749400746F70 /* FormBaseballAI.app */ = {isa = PBXFileReference; explicitFileType = wrapper.application; includeInIndex = 0; path = FormBaseballAI.app; sourceTree = BUILT_PRODUCTS_DIR; };
		FAFFD2252FC2749500746F70 /* FormBaseballAITests.xctest */ = {isa = PBXFileReference; explicitFileType = wrapper.cfbundle; includeInIndex = 0; path = FormBaseballAITests.xctest; sourceTree = BUILT_PRODUCTS_DIR; };
		FAFFD22F2FC2749500746F70 /* FormBaseballAIUITests.xctest */ = {isa = PBXFileReference; explicitFileType = wrapper.cfbundle; includeInIndex = 0; path = FormBaseballAIUITests.xctest; sourceTree = BUILT_PRODUCTS_DIR; };
		FE7AFAEAA0D5B0E96D0B7643 /* Pods-FormBaseballAI.release.xcconfig */ = {isa = PBXFileReference; includeInIndex = 1; lastKnownFileType = text.xcconfig; name = "Pods-FormBaseballAI.release.xcconfig"; path = "Target Support Files/Pods-FormBaseballAI/Pods-FormBaseballAI.release.xcconfig"; sourceTree = "<group>"; };
/* End PBXFileReference section */

/* Begin PBXFileSystemSynchronizedBuildFileExceptionSet section */
		A1B2C3D4E5F60001A1B2C3D4 /* Exceptions for "FormBaseballAI" folder in "FormBaseballAI" target */ = {
			isa = PBXFileSystemSynchronizedBuildFileExceptionSet;
			membershipExceptions = (
				Info.plist,
			);
			target = FAFFD2172FC2749400746F70 /* FormBaseballAI */;
		};
/* End PBXFileSystemSynchronizedBuildFileExceptionSet section */

/* Begin PBXFileSystemSynchronizedRootGroup section */
		FAFFD21A2FC2749400746F70 /* FormBaseballAI */ = {
			isa = PBXFileSystemSynchronizedRootGroup;
			exceptions = (
				A1B2C3D4E5F60001A1B2C3D4 /* Exceptions for "FormBaseballAI" folder in "FormBaseballAI" target */,
			);
			path = FormBaseballAI;
			sourceTree = "<group>";
		};
		FAFFD2282FC2749500746F70 /* FormBaseballAITests */ = {
			isa = PBXFileSystemSynchronizedRootGroup;
			exceptions = (
			);
			path = FormBaseballAITests;
			sourceTree = "<group>";
		};
		FAFFD2322FC2749500746F70 /* FormBaseballAIUITests */ = {
			isa = PBXFileSystemSynchronizedRootGroup;
			exceptions = (
			);
			path = FormBaseballAIUITests;
			sourceTree = "<group>";
		};
/* End PBXFileSystemSynchronizedRootGroup section */

/* Begin PBXFrameworksBuildPhase section */
		FAFFD2152FC2749400746F70 /* Frameworks */ = {
			isa = PBXFrameworksBuildPhase;
			buildActionMask = 2147483647;
			files = (
				55A0FA14EC120E744E9C7B76 /* Pods_FormBaseballAI.framework in Frameworks */,
			);
			runOnlyForDeploymentPostprocessing = 0;
		};
		FAFFD2222FC2749500746F70 /* Frameworks */ = {
			isa = PBXFrameworksBuildPhase;
			buildActionMask = 2147483647;
			files = (
				CF03FA7B2B065C5B043C5063 /* Pods_FormBaseballAITests.framework in Frameworks */,
			);
			runOnlyForDeploymentPostprocessing = 0;
		};
		FAFFD22C2FC2749500746F70 /* Frameworks */ = {
			isa = PBXFrameworksBuildPhase;
			buildActionMask = 2147483647;
			files = (
				97A1FAD267E50F08998476A6 /* Pods_FormBaseballAIUITests.framework in Frameworks */,
			);
			runOnlyForDeploymentPostprocessing = 0;
		};
/* End PBXFrameworksBuildPhase section */

/* Begin PBXGroup section */
		8D65F7AB2D768A8E4097C485 /* Frameworks */ = {
			isa = PBXGroup;
			children = (
				250FE91557731D028B70971B /* Pods_FormBaseballAI.framework */,
				01517F65C39AB990FB25DEE3 /* Pods_FormBaseballAITests.framework */,
				9CE169A5677B1F8151A3E789 /* Pods_FormBaseballAIUITests.framework */,
			);
			name = Frameworks;
			sourceTree = "<group>";
		};
		EA22C4B9EB557D26BADCFA0F /* Pods */ = {
			isa = PBXGroup;
			children = (
				3370798FFEB9D3B6AC25951C /* Pods-FormBaseballAI.debug.xcconfig */,
				FE7AFAEAA0D5B0E96D0B7643 /* Pods-FormBaseballAI.release.xcconfig */,
				817E6B5CC5173ED83F777FCA /* Pods-FormBaseballAITests.debug.xcconfig */,
				62D75E99A315A0CC049643F2 /* Pods-FormBaseballAITests.release.xcconfig */,
				9F2B8AC83608D265CBD1241E /* Pods-FormBaseballAIUITests.debug.xcconfig */,
				94D2A76030AE0290283B267D /* Pods-FormBaseballAIUITests.release.xcconfig */,
			);
			path = Pods;
			sourceTree = "<group>";
		};
		FAFFD20F2FC2749400746F70 = {
			isa = PBXGroup;
			children = (
				FAFFD21A2FC2749400746F70 /* FormBaseballAI */,
				FAFFD2282FC2749500746F70 /* FormBaseballAITests */,
				FAFFD2322FC2749500746F70 /* FormBaseballAIUITests */,
				FAFFD2192FC2749400746F70 /* Products */,
				EA22C4B9EB557D26BADCFA0F /* Pods */,
				8D65F7AB2D768A8E4097C485 /* Frameworks */,
			);
			sourceTree = "<group>";
		};
		FAFFD2192FC2749400746F70 /* Products */ = {
			isa = PBXGroup;
			children = (
				FAFFD2182FC2749400746F70 /* FormBaseballAI.app */,
				FAFFD2252FC2749500746F70 /* FormBaseballAITests.xctest */,
				FAFFD22F2FC2749500746F70 /* FormBaseballAIUITests.xctest */,
			);
			name = Products;
			sourceTree = "<group>";
		};
/* End PBXGroup section */

/* Begin PBXNativeTarget section */
		FAFFD2172FC2749400746F70 /* FormBaseballAI */ = {
			isa = PBXNativeTarget;
			buildConfigurationList = FAFFD2392FC2749500746F70 /* Build configuration list for PBXNativeTarget "FormBaseballAI" */;
			buildPhases = (
				238EB103206906CD33AF7FA2 /* [CP] Check Pods Manifest.lock */,
				FAFFD2142FC2749400746F70 /* Sources */,
				FAFFD2152FC2749400746F70 /* Frameworks */,
				FAFFD2162FC2749400746F70 /* Resources */,
				ECB9CCE29088E9C89B3821B0 /* [CP] Embed Pods Frameworks */,
				FAB9FB4C0860121621541817 /* [CP] Copy Pods Resources */,
			);
			buildRules = (
			);
			dependencies = (
			);
			fileSystemSynchronizedGroups = (
				FAFFD21A2FC2749400746F70 /* FormBaseballAI */,
			);
			name = FormBaseballAI;
			productName = FormBaseballAI;
			productReference = FAFFD2182FC2749400746F70 /* FormBaseballAI.app */;
			productType = "com.apple.product-type.application";
		};
		FAFFD2242FC2749500746F70 /* FormBaseballAITests */ = {
			isa = PBXNativeTarget;
			buildConfigurationList = FAFFD23C2FC2749500746F70 /* Build configuration list for PBXNativeTarget "FormBaseballAITests" */;
			buildPhases = (
				75F28F4371E331E60A302C0F /* [CP] Check Pods Manifest.lock */,
				FAFFD2212FC2749500746F70 /* Sources */,
				FAFFD2222FC2749500746F70 /* Frameworks */,
				FAFFD2232FC2749500746F70 /* Resources */,
			);
			buildRules = (
			);
			dependencies = (
				FAFFD2272FC2749500746F70 /* PBXTargetDependency */,
			);
			fileSystemSynchronizedGroups = (
				FAFFD2282FC2749500746F70 /* FormBaseballAITests */,
			);
			name = FormBaseballAITests;
			productName = FormBaseballAITests;
			productReference = FAFFD2252FC2749500746F70 /* FormBaseballAITests.xctest */;
			productType = "com.apple.product-type.bundle.unit-test";
		};
		FAFFD22E2FC2749500746F70 /* FormBaseballAIUITests */ = {
			isa = PBXNativeTarget;
			buildConfigurationList = FAFFD23F2FC2749500746F70 /* Build configuration list for PBXNativeTarget "FormBaseballAIUITests" */;
			buildPhases = (
				E89B6B7C157571E7E2C1F7B7 /* [CP] Check Pods Manifest.lock */,
				FAFFD22B2FC2749500746F70 /* Sources */,
				FAFFD22C2FC2749500746F70 /* Frameworks */,
				FAFFD22D2FC2749500746F70 /* Resources */,
			);
			buildRules = (
			);
			dependencies = (
				FAFFD2312FC2749500746F70 /* PBXTargetDependency */,
			);
			fileSystemSynchronizedGroups = (
				FAFFD2322FC2749500746F70 /* FormBaseballAIUITests */,
			);
			name = FormBaseballAIUITests;
			productName = FormBaseballAIUITests;
			productReference = FAFFD22F2FC2749500746F70 /* FormBaseballAIUITests.xctest */;
			productType = "com.apple.product-type.bundle.ui-testing";
		};
/* End PBXNativeTarget section */

/* Begin PBXProject section */
		FAFFD2102FC2749400746F70 /* Project object */ = {
			isa = PBXProject;
			attributes = {
				BuildIndependentTargetsInParallel = 1;
				LastSwiftUpdateCheck = 2650;
				LastUpgradeCheck = 2650;
				TargetAttributes = {
					FAFFD2172FC2749400746F70 = {
						CreatedOnToolsVersion = 26.5;
					};
					FAFFD2242FC2749500746F70 = {
						CreatedOnToolsVersion = 26.5;
						TestTargetID = FAFFD2172FC2749400746F70;
					};
					FAFFD22E2FC2749500746F70 = {
						CreatedOnToolsVersion = 26.5;
						TestTargetID = FAFFD2172FC2749400746F70;
					};
				};
			};
			buildConfigurationList = FAFFD2132FC2749400746F70 /* Build configuration list for PBXProject "FormBaseballAI" */;
			developmentRegion = en;
			hasScannedForEncodings = 0;
			knownRegions = (
				en,
				Base,
				ja,
			);
			mainGroup = FAFFD20F2FC2749400746F70;
			minimizedProjectReferenceProxies = 1;
			preferredProjectObjectVersion = 77;
			productRefGroup = FAFFD2192FC2749400746F70 /* Products */;
			projectDirPath = "";
			projectRoot = "";
			targets = (
				FAFFD2172FC2749400746F70 /* FormBaseballAI */,
				FAFFD2242FC2749500746F70 /* FormBaseballAITests */,
				FAFFD22E2FC2749500746F70 /* FormBaseballAIUITests */,
			);
		};
/* End PBXProject section */

/* Begin PBXResourcesBuildPhase section */
		FAFFD2162FC2749400746F70 /* Resources */ = {
			isa = PBXResourcesBuildPhase;
			buildActionMask = 2147483647;
			files = (
			);
			runOnlyForDeploymentPostprocessing = 0;
		};
		FAFFD2232FC2749500746F70 /* Resources */ = {
			isa = PBXResourcesBuildPhase;
			buildActionMask = 2147483647;
			files = (
			);
			runOnlyForDeploymentPostprocessing = 0;
		};
		FAFFD22D2FC2749500746F70 /* Resources */ = {
			isa = PBXResourcesBuildPhase;
			buildActionMask = 2147483647;
			files = (
			);
			runOnlyForDeploymentPostprocessing = 0;
		};
/* End PBXResourcesBuildPhase section */

/* Begin PBXShellScriptBuildPhase section */
		238EB103206906CD33AF7FA2 /* [CP] Check Pods Manifest.lock */ = {
			isa = PBXShellScriptBuildPhase;
			buildActionMask = 2147483647;
			files = (
			);
			inputFileListPaths = (
			);
			inputPaths = (
				"${PODS_PODFILE_DIR_PATH}/Podfile.lock",
				"${PODS_ROOT}/Manifest.lock",
			);
			name = "[CP] Check Pods Manifest.lock";
			outputFileListPaths = (
			);
			outputPaths = (
				"$(DERIVED_FILE_DIR)/Pods-FormBaseballAI-checkManifestLockResult.txt",
			);
			runOnlyForDeploymentPostprocessing = 0;
			shellPath = /bin/sh;
			shellScript = "diff \"${PODS_PODFILE_DIR_PATH}/Podfile.lock\" \"${PODS_ROOT}/Manifest.lock\" > /dev/null\nif [ $? != 0 ] ; then\n    # print error to STDERR\n    echo \"error: The sandbox is not in sync with the Podfile.lock. Run 'pod install' or update your CocoaPods installation.\" >&2\n    exit 1\nfi\n# This output is used by Xcode 'outputs' to avoid re-running this script phase.\necho \"SUCCESS\" > \"${SCRIPT_OUTPUT_FILE_0}\"\n";
			showEnvVarsInLog = 0;
		};
		75F28F4371E331E60A302C0F /* [CP] Check Pods Manifest.lock */ = {
			isa = PBXShellScriptBuildPhase;
			buildActionMask = 2147483647;
			files = (
			);
			inputFileListPaths = (
			);
			inputPaths = (
				"${PODS_PODFILE_DIR_PATH}/Podfile.lock",
				"${PODS_ROOT}/Manifest.lock",
			);
			name = "[CP] Check Pods Manifest.lock";
			outputFileListPaths = (
			);
			outputPaths = (
				"$(DERIVED_FILE_DIR)/Pods-FormBaseballAITests-checkManifestLockResult.txt",
			);
			runOnlyForDeploymentPostprocessing = 0;
			shellPath = /bin/sh;
			shellScript = "diff \"${PODS_PODFILE_DIR_PATH}/Podfile.lock\" \"${PODS_ROOT}/Manifest.lock\" > /dev/null\nif [ $? != 0 ] ; then\n    # print error to STDERR\n    echo \"error: The sandbox is not in sync with the Podfile.lock. Run 'pod install' or update your CocoaPods installation.\" >&2\n    exit 1\nfi\n# This output is used by Xcode 'outputs' to avoid re-running this script phase.\necho \"SUCCESS\" > \"${SCRIPT_OUTPUT_FILE_0}\"\n";
			showEnvVarsInLog = 0;
		};
		E89B6B7C157571E7E2C1F7B7 /* [CP] Check Pods Manifest.lock */ = {
			isa = PBXShellScriptBuildPhase;
			buildActionMask = 2147483647;
			files = (
			);
			inputFileListPaths = (
			);
			inputPaths = (
				"${PODS_PODFILE_DIR_PATH}/Podfile.lock",
				"${PODS_ROOT}/Manifest.lock",
			);
			name = "[CP] Check Pods Manifest.lock";
			outputFileListPaths = (
			);
			outputPaths = (
				"$(DERIVED_FILE_DIR)/Pods-FormBaseballAIUITests-checkManifestLockResult.txt",
			);
			runOnlyForDeploymentPostprocessing = 0;
			shellPath = /bin/sh;
			shellScript = "diff \"${PODS_PODFILE_DIR_PATH}/Podfile.lock\" \"${PODS_ROOT}/Manifest.lock\" > /dev/null\nif [ $? != 0 ] ; then\n    # print error to STDERR\n    echo \"error: The sandbox is not in sync with the Podfile.lock. Run 'pod install' or update your CocoaPods installation.\" >&2\n    exit 1\nfi\n# This output is used by Xcode 'outputs' to avoid re-running this script phase.\necho \"SUCCESS\" > \"${SCRIPT_OUTPUT_FILE_0}\"\n";
			showEnvVarsInLog = 0;
		};
		ECB9CCE29088E9C89B3821B0 /* [CP] Embed Pods Frameworks */ = {
			isa = PBXShellScriptBuildPhase;
			buildActionMask = 2147483647;
			files = (
			);
			inputFileListPaths = (
				"${PODS_ROOT}/Target Support Files/Pods-FormBaseballAI/Pods-FormBaseballAI-frameworks-${CONFIGURATION}-input-files.xcfilelist",
			);
			name = "[CP] Embed Pods Frameworks";
			outputFileListPaths = (
				"${PODS_ROOT}/Target Support Files/Pods-FormBaseballAI/Pods-FormBaseballAI-frameworks-${CONFIGURATION}-output-files.xcfilelist",
			);
			runOnlyForDeploymentPostprocessing = 0;
			shellPath = /bin/sh;
			shellScript = "\"${PODS_ROOT}/Target Support Files/Pods-FormBaseballAI/Pods-FormBaseballAI-frameworks.sh\"\n";
			showEnvVarsInLog = 0;
		};
		FAB9FB4C0860121621541817 /* [CP] Copy Pods Resources */ = {
			isa = PBXShellScriptBuildPhase;
			buildActionMask = 2147483647;
			files = (
			);
			inputFileListPaths = (
				"${PODS_ROOT}/Target Support Files/Pods-FormBaseballAI/Pods-FormBaseballAI-resources-${CONFIGURATION}-input-files.xcfilelist",
			);
			name = "[CP] Copy Pods Resources";
			outputFileListPaths = (
				"${PODS_ROOT}/Target Support Files/Pods-FormBaseballAI/Pods-FormBaseballAI-resources-${CONFIGURATION}-output-files.xcfilelist",
			);
			runOnlyForDeploymentPostprocessing = 0;
			shellPath = /bin/sh;
			shellScript = "\"${PODS_ROOT}/Target Support Files/Pods-FormBaseballAI/Pods-FormBaseballAI-resources.sh\"\n";
			showEnvVarsInLog = 0;
		};
/* End PBXShellScriptBuildPhase section */

/* Begin PBXSourcesBuildPhase section */
		FAFFD2142FC2749400746F70 /* Sources */ = {
			isa = PBXSourcesBuildPhase;
			buildActionMask = 2147483647;
			files = (
			);
			runOnlyForDeploymentPostprocessing = 0;
		};
		FAFFD2212FC2749500746F70 /* Sources */ = {
			isa = PBXSourcesBuildPhase;
			buildActionMask = 2147483647;
			files = (
			);
			runOnlyForDeploymentPostprocessing = 0;
		};
		FAFFD22B2FC2749500746F70 /* Sources */ = {
			isa = PBXSourcesBuildPhase;
			buildActionMask = 2147483647;
			files = (
			);
			runOnlyForDeploymentPostprocessing = 0;
		};
/* End PBXSourcesBuildPhase section */

/* Begin PBXTargetDependency section */
		FAFFD2272FC2749500746F70 /* PBXTargetDependency */ = {
			isa = PBXTargetDependency;
			target = FAFFD2172FC2749400746F70 /* FormBaseballAI */;
			targetProxy = FAFFD2262FC2749500746F70 /* PBXContainerItemProxy */;
		};
		FAFFD2312FC2749500746F70 /* PBXTargetDependency */ = {
			isa = PBXTargetDependency;
			target = FAFFD2172FC2749400746F70 /* FormBaseballAI */;
			targetProxy = FAFFD2302FC2749500746F70 /* PBXContainerItemProxy */;
		};
/* End PBXTargetDependency section */

/* Begin XCBuildConfiguration section */
		FAFFD2372FC2749500746F70 /* Debug */ = {
			isa = XCBuildConfiguration;
			buildSettings = {
				ALWAYS_SEARCH_USER_PATHS = NO;
				ASSETCATALOG_COMPILER_GENERATE_SWIFT_ASSET_SYMBOL_EXTENSIONS = YES;
				CLANG_ANALYZER_NONNULL = YES;
				CLANG_ANALYZER_NUMBER_OBJECT_CONVERSION = YES_AGGRESSIVE;
				CLANG_CXX_LANGUAGE_STANDARD = "gnu++20";
				CLANG_ENABLE_MODULES = YES;
				CLANG_ENABLE_OBJC_ARC = YES;
				CLANG_ENABLE_OBJC_WEAK = YES;
				CLANG_WARN_BLOCK_CAPTURE_AUTORELEASING = YES;
				CLANG_WARN_BOOL_CONVERSION = YES;
				CLANG_WARN_COMMA = YES;
				CLANG_WARN_CONSTANT_CONVERSION = YES;
				CLANG_WARN_DEPRECATED_OBJC_IMPLEMENTATIONS = YES;
				CLANG_WARN_DIRECT_OBJC_ISA_USAGE = YES_ERROR;
				CLANG_WARN_DOCUMENTATION_COMMENTS = YES;
				CLANG_WARN_EMPTY_BODY = YES;
				CLANG_WARN_ENUM_CONVERSION = YES;
				CLANG_WARN_INFINITE_RECURSION = YES;
				CLANG_WARN_INT_CONVERSION = YES;
				CLANG_WARN_NON_LITERAL_NULL_CONVERSION = YES;
				CLANG_WARN_OBJC_IMPLICIT_RETAIN_SELF = YES;
				CLANG_WARN_OBJC_LITERAL_CONVERSION = YES;
				CLANG_WARN_OBJC_ROOT_CLASS = YES_ERROR;
				CLANG_WARN_QUOTED_INCLUDE_IN_FRAMEWORK_HEADER = YES;
				CLANG_WARN_RANGE_LOOP_ANALYSIS = YES;
				CLANG_WARN_STRICT_PROTOTYPES = YES;
				CLANG_WARN_SUSPICIOUS_MOVE = YES;
				CLANG_WARN_UNGUARDED_AVAILABILITY = YES_AGGRESSIVE;
				CLANG_WARN_UNREACHABLE_CODE = YES;
				CLANG_WARN__DUPLICATE_METHOD_MATCH = YES;
				COPY_PHASE_STRIP = NO;
				DEBUG_INFORMATION_FORMAT = dwarf;
				DEVELOPMENT_TEAM = FD75RKYVZQ;
				ENABLE_STRICT_OBJC_MSGSEND = YES;
				ENABLE_TESTABILITY = YES;
				ENABLE_USER_SCRIPT_SANDBOXING = NO;
				GCC_C_LANGUAGE_STANDARD = gnu17;
				GCC_DYNAMIC_NO_PIC = NO;
				GCC_NO_COMMON_BLOCKS = YES;
				GCC_OPTIMIZATION_LEVEL = 0;
				GCC_PREPROCESSOR_DEFINITIONS = (
					"DEBUG=1",
					"$(inherited)",
				);
				GCC_WARN_64_TO_32_BIT_CONVERSION = YES;
				GCC_WARN_ABOUT_RETURN_TYPE = YES_ERROR;
				GCC_WARN_UNDECLARED_SELECTOR = YES;
				GCC_WARN_UNINITIALIZED_AUTOS = YES_AGGRESSIVE;
				GCC_WARN_UNUSED_FUNCTION = YES;
				GCC_WARN_UNUSED_VARIABLE = YES;
				LOCALIZATION_PREFERS_STRING_CATALOGS = YES;
				MTL_ENABLE_DEBUG_INFO = INCLUDE_SOURCE;
				MTL_FAST_MATH = YES;
				ONLY_ACTIVE_ARCH = YES;
				SWIFT_ACTIVE_COMPILATION_CONDITIONS = "DEBUG $(inherited)";
				SWIFT_OPTIMIZATION_LEVEL = "-Onone";
			};
			name = Debug;
		};
		FAFFD2382FC2749500746F70 /* Release */ = {
			isa = XCBuildConfiguration;
			buildSettings = {
				ALWAYS_SEARCH_USER_PATHS = NO;
				ASSETCATALOG_COMPILER_GENERATE_SWIFT_ASSET_SYMBOL_EXTENSIONS = YES;
				CLANG_ANALYZER_NONNULL = YES;
				CLANG_ANALYZER_NUMBER_OBJECT_CONVERSION = YES_AGGRESSIVE;
				CLANG_CXX_LANGUAGE_STANDARD = "gnu++20";
				CLANG_ENABLE_MODULES = YES;
				CLANG_ENABLE_OBJC_ARC = YES;
				CLANG_ENABLE_OBJC_WEAK = YES;
				CLANG_WARN_BLOCK_CAPTURE_AUTORELEASING = YES;
				CLANG_WARN_BOOL_CONVERSION = YES;
				CLANG_WARN_COMMA = YES;
				CLANG_WARN_CONSTANT_CONVERSION = YES;
				CLANG_WARN_DEPRECATED_OBJC_IMPLEMENTATIONS = YES;
				CLANG_WARN_DIRECT_OBJC_ISA_USAGE = YES_ERROR;
				CLANG_WARN_DOCUMENTATION_COMMENTS = YES;
				CLANG_WARN_EMPTY_BODY = YES;
				CLANG_WARN_ENUM_CONVERSION = YES;
				CLANG_WARN_INFINITE_RECURSION = YES;
				CLANG_WARN_INT_CONVERSION = YES;
				CLANG_WARN_NON_LITERAL_NULL_CONVERSION = YES;
				CLANG_WARN_OBJC_IMPLICIT_RETAIN_SELF = YES;
				CLANG_WARN_OBJC_LITERAL_CONVERSION = YES;
				CLANG_WARN_OBJC_ROOT_CLASS = YES_ERROR;
				CLANG_WARN_QUOTED_INCLUDE_IN_FRAMEWORK_HEADER = YES;
				CLANG_WARN_RANGE_LOOP_ANALYSIS = YES;
				CLANG_WARN_STRICT_PROTOTYPES = YES;
				CLANG_WARN_SUSPICIOUS_MOVE = YES;
				CLANG_WARN_UNGUARDED_AVAILABILITY = YES_AGGRESSIVE;
				CLANG_WARN_UNREACHABLE_CODE = YES;
				CLANG_WARN__DUPLICATE_METHOD_MATCH = YES;
				COPY_PHASE_STRIP = NO;
				DEBUG_INFORMATION_FORMAT = "dwarf-with-dsym";
				DEVELOPMENT_TEAM = FD75RKYVZQ;
				ENABLE_NS_ASSERTIONS = NO;
				ENABLE_STRICT_OBJC_MSGSEND = YES;
				ENABLE_USER_SCRIPT_SANDBOXING = NO;
				GCC_C_LANGUAGE_STANDARD = gnu17;
				GCC_NO_COMMON_BLOCKS = YES;
				GCC_WARN_64_TO_32_BIT_CONVERSION = YES;
				GCC_WARN_ABOUT_RETURN_TYPE = YES_ERROR;
				GCC_WARN_UNDECLARED_SELECTOR = YES;
				GCC_WARN_UNINITIALIZED_AUTOS = YES_AGGRESSIVE;
				GCC_WARN_UNUSED_FUNCTION = YES;
				GCC_WARN_UNUSED_VARIABLE = YES;
				LOCALIZATION_PREFERS_STRING_CATALOGS = YES;
				MTL_ENABLE_DEBUG_INFO = NO;
				MTL_FAST_MATH = YES;
				SWIFT_COMPILATION_MODE = wholemodule;
			};
			name = Release;
		};
		FAFFD23A2FC2749500746F70 /* Debug */ = {
			isa = XCBuildConfiguration;
			baseConfigurationReference = 3370798FFEB9D3B6AC25951C /* Pods-FormBaseballAI.debug.xcconfig */;
			buildSettings = {
				ASSETCATALOG_COMPILER_APPICON_NAME = AppIcon;
				ASSETCATALOG_COMPILER_GLOBAL_ACCENT_COLOR_NAME = AccentColor;
				CODE_SIGN_STYLE = Automatic;
				CURRENT_PROJECT_VERSION = 1;
				DEVELOPMENT_TEAM = FD75RKYVZQ;
				ENABLE_PREVIEWS = YES;
				GENERATE_INFOPLIST_FILE = NO;
				INFOPLIST_FILE = FormBaseballAI/Info.plist;
				INFOPLIST_KEY_CFBundleDisplayName = FormBaseballAI;
				INFOPLIST_KEY_LSApplicationCategoryType = "public.app-category.sports";
				"INFOPLIST_KEY_UIApplicationSceneManifest_Generation[sdk=iphoneos*]" = YES;
				"INFOPLIST_KEY_UIApplicationSceneManifest_Generation[sdk=iphonesimulator*]" = YES;
				"INFOPLIST_KEY_UIApplicationSupportsIndirectInputEvents[sdk=iphoneos*]" = YES;
				"INFOPLIST_KEY_UIApplicationSupportsIndirectInputEvents[sdk=iphonesimulator*]" = YES;
				"INFOPLIST_KEY_UILaunchScreen_Generation[sdk=iphoneos*]" = YES;
				"INFOPLIST_KEY_UILaunchScreen_Generation[sdk=iphonesimulator*]" = YES;
				"INFOPLIST_KEY_UIStatusBarStyle[sdk=iphoneos*]" = UIStatusBarStyleDefault;
				"INFOPLIST_KEY_UIStatusBarStyle[sdk=iphonesimulator*]" = UIStatusBarStyleDefault;
				INFOPLIST_KEY_UISupportedInterfaceOrientations_iPad = "UIInterfaceOrientationPortrait UIInterfaceOrientationPortraitUpsideDown UIInterfaceOrientationLandscapeLeft UIInterfaceOrientationLandscapeRight";
				INFOPLIST_KEY_UISupportedInterfaceOrientations_iPhone = "UIInterfaceOrientationPortrait UIInterfaceOrientationLandscapeLeft UIInterfaceOrientationLandscapeRight";
				IPHONEOS_DEPLOYMENT_TARGET = 17.0;
				LD_RUNPATH_SEARCH_PATHS = "$(inherited) @executable_path/Frameworks";
				MARKETING_VERSION = 1.0;
				PRODUCT_BUNDLE_IDENTIFIER = tfsapps.fbai;
				PRODUCT_NAME = "$(TARGET_NAME)";
				SDKROOT = iphoneos;
				SUPPORTED_PLATFORMS = "iphoneos iphonesimulator";
				SWIFT_EMIT_LOC_STRINGS = YES;
				SWIFT_VERSION = 5.0;
				TARGETED_DEVICE_FAMILY = 1;
			};
			name = Debug;
		};
		FAFFD23B2FC2749500746F70 /* Release */ = {
			isa = XCBuildConfiguration;
			baseConfigurationReference = FE7AFAEAA0D5B0E96D0B7643 /* Pods-FormBaseballAI.release.xcconfig */;
			buildSettings = {
				ASSETCATALOG_COMPILER_APPICON_NAME = AppIcon;
				ASSETCATALOG_COMPILER_GLOBAL_ACCENT_COLOR_NAME = AccentColor;
				CODE_SIGN_STYLE = Automatic;
				CURRENT_PROJECT_VERSION = 1;
				DEVELOPMENT_TEAM = FD75RKYVZQ;
				ENABLE_PREVIEWS = YES;
				GENERATE_INFOPLIST_FILE = NO;
				INFOPLIST_FILE = FormBaseballAI/Info.plist;
				INFOPLIST_KEY_CFBundleDisplayName = FormBaseballAI;
				INFOPLIST_KEY_LSApplicationCategoryType = "public.app-category.sports";
				"INFOPLIST_KEY_UIApplicationSceneManifest_Generation[sdk=iphoneos*]" = YES;
				"INFOPLIST_KEY_UIApplicationSceneManifest_Generation[sdk=iphonesimulator*]" = YES;
				"INFOPLIST_KEY_UIApplicationSupportsIndirectInputEvents[sdk=iphoneos*]" = YES;
				"INFOPLIST_KEY_UIApplicationSupportsIndirectInputEvents[sdk=iphonesimulator*]" = YES;
				"INFOPLIST_KEY_UILaunchScreen_Generation[sdk=iphoneos*]" = YES;
				"INFOPLIST_KEY_UILaunchScreen_Generation[sdk=iphonesimulator*]" = YES;
				"INFOPLIST_KEY_UIStatusBarStyle[sdk=iphoneos*]" = UIStatusBarStyleDefault;
				"INFOPLIST_KEY_UIStatusBarStyle[sdk=iphonesimulator*]" = UIStatusBarStyleDefault;
				INFOPLIST_KEY_UISupportedInterfaceOrientations_iPad = "UIInterfaceOrientationPortrait UIInterfaceOrientationPortraitUpsideDown UIInterfaceOrientationLandscapeLeft UIInterfaceOrientationLandscapeRight";
				INFOPLIST_KEY_UISupportedInterfaceOrientations_iPhone = "UIInterfaceOrientationPortrait UIInterfaceOrientationLandscapeLeft UIInterfaceOrientationLandscapeRight";
				IPHONEOS_DEPLOYMENT_TARGET = 17.0;
				LD_RUNPATH_SEARCH_PATHS = "$(inherited) @executable_path/Frameworks";
				MARKETING_VERSION = 1.0;
				PRODUCT_BUNDLE_IDENTIFIER = tfsapps.fbai;
				PRODUCT_NAME = "$(TARGET_NAME)";
				SDKROOT = iphoneos;
				SUPPORTED_PLATFORMS = "iphoneos iphonesimulator";
				SWIFT_EMIT_LOC_STRINGS = YES;
				SWIFT_VERSION = 5.0;
				TARGETED_DEVICE_FAMILY = 1;
			};
			name = Release;
		};
		FAFFD23D2FC2749500746F70 /* Debug */ = {
			isa = XCBuildConfiguration;
			baseConfigurationReference = 817E6B5CC5173ED83F777FCA /* Pods-FormBaseballAITests.debug.xcconfig */;
			buildSettings = {
				BUNDLE_LOADER = "$(TEST_HOST)";
				CODE_SIGN_STYLE = Automatic;
				CURRENT_PROJECT_VERSION = 1;
				DEVELOPMENT_TEAM = FD75RKYVZQ;
				GENERATE_INFOPLIST_FILE = YES;
				IPHONEOS_DEPLOYMENT_TARGET = 17.0;
				MARKETING_VERSION = 1.0;
				PRODUCT_BUNDLE_IDENTIFIER = tfsapps.fbai.FormBaseballAITests;
				PRODUCT_NAME = "$(TARGET_NAME)";
				SDKROOT = iphoneos;
				STRING_CATALOG_GENERATE_SYMBOLS = NO;
				SUPPORTED_PLATFORMS = "iphoneos iphonesimulator";
				SWIFT_EMIT_LOC_STRINGS = NO;
				SWIFT_VERSION = 5.0;
				TARGETED_DEVICE_FAMILY = 1;
				TEST_HOST = "$(BUILT_PRODUCTS_DIR)/FormBaseballAI.app/$(BUNDLE_EXECUTABLE_FOLDER_PATH)/FormBaseballAI";
			};
			name = Debug;
		};
		FAFFD23E2FC2749500746F70 /* Release */ = {
			isa = XCBuildConfiguration;
			baseConfigurationReference = 62D75E99A315A0CC049643F2 /* Pods-FormBaseballAITests.release.xcconfig */;
			buildSettings = {
				BUNDLE_LOADER = "$(TEST_HOST)";
				CODE_SIGN_STYLE = Automatic;
				CURRENT_PROJECT_VERSION = 1;
				DEVELOPMENT_TEAM = FD75RKYVZQ;
				GENERATE_INFOPLIST_FILE = YES;
				IPHONEOS_DEPLOYMENT_TARGET = 17.0;
				MARKETING_VERSION = 1.0;
				PRODUCT_BUNDLE_IDENTIFIER = tfsapps.fbai.FormBaseballAITests;
				PRODUCT_NAME = "$(TARGET_NAME)";
				SDKROOT = iphoneos;
				STRING_CATALOG_GENERATE_SYMBOLS = NO;
				SUPPORTED_PLATFORMS = "iphoneos iphonesimulator";
				SWIFT_EMIT_LOC_STRINGS = NO;
				SWIFT_VERSION = 5.0;
				TARGETED_DEVICE_FAMILY = 1;
				TEST_HOST = "$(BUILT_PRODUCTS_DIR)/FormBaseballAI.app/$(BUNDLE_EXECUTABLE_FOLDER_PATH)/FormBaseballAI";
			};
			name = Release;
		};
		FAFFD2402FC2749500746F70 /* Debug */ = {
			isa = XCBuildConfiguration;
			baseConfigurationReference = 9F2B8AC83608D265CBD1241E /* Pods-FormBaseballAIUITests.debug.xcconfig */;
			buildSettings = {
				CODE_SIGN_STYLE = Automatic;
				CURRENT_PROJECT_VERSION = 1;
				DEVELOPMENT_TEAM = FD75RKYVZQ;
				GENERATE_INFOPLIST_FILE = YES;
				IPHONEOS_DEPLOYMENT_TARGET = 17.0;
				MARKETING_VERSION = 1.0;
				PRODUCT_BUNDLE_IDENTIFIER = tfsapps.fbai.FormBaseballAIUITests;
				PRODUCT_NAME = "$(TARGET_NAME)";
				SDKROOT = iphoneos;
				STRING_CATALOG_GENERATE_SYMBOLS = NO;
				SUPPORTED_PLATFORMS = "iphoneos iphonesimulator";
				SWIFT_EMIT_LOC_STRINGS = NO;
				SWIFT_VERSION = 5.0;
				TARGETED_DEVICE_FAMILY = 1;
				TEST_TARGET_NAME = FormBaseballAI;
			};
			name = Debug;
		};
		FAFFD2412FC2749500746F70 /* Release */ = {
			isa = XCBuildConfiguration;
			baseConfigurationReference = 94D2A76030AE0290283B267D /* Pods-FormBaseballAIUITests.release.xcconfig */;
			buildSettings = {
				CODE_SIGN_STYLE = Automatic;
				CURRENT_PROJECT_VERSION = 1;
				DEVELOPMENT_TEAM = FD75RKYVZQ;
				GENERATE_INFOPLIST_FILE = YES;
				IPHONEOS_DEPLOYMENT_TARGET = 17.0;
				MARKETING_VERSION = 1.0;
				PRODUCT_BUNDLE_IDENTIFIER = tfsapps.fbai.FormBaseballAIUITests;
				PRODUCT_NAME = "$(TARGET_NAME)";
				SDKROOT = iphoneos;
				STRING_CATALOG_GENERATE_SYMBOLS = NO;
				SUPPORTED_PLATFORMS = "iphoneos iphonesimulator";
				SWIFT_EMIT_LOC_STRINGS = NO;
				SWIFT_VERSION = 5.0;
				TARGETED_DEVICE_FAMILY = 1;
				TEST_TARGET_NAME = FormBaseballAI;
			};
			name = Release;
		};
/* End XCBuildConfiguration section */

/* Begin XCConfigurationList section */
		FAFFD2132FC2749400746F70 /* Build configuration list for PBXProject "FormBaseballAI" */ = {
			isa = XCConfigurationList;
			buildConfigurations = (
				FAFFD2372FC2749500746F70 /* Debug */,
				FAFFD2382FC2749500746F70 /* Release */,
			);
			defaultConfigurationIsVisible = 0;
			defaultConfigurationName = Release;
		};
		FAFFD2392FC2749500746F70 /* Build configuration list for PBXNativeTarget "FormBaseballAI" */ = {
			isa = XCConfigurationList;
			buildConfigurations = (
				FAFFD23A2FC2749500746F70 /* Debug */,
				FAFFD23B2FC2749500746F70 /* Release */,
			);
			defaultConfigurationIsVisible = 0;
			defaultConfigurationName = Release;
		};
		FAFFD23C2FC2749500746F70 /* Build configuration list for PBXNativeTarget "FormBaseballAITests" */ = {
			isa = XCConfigurationList;
			buildConfigurations = (
				FAFFD23D2FC2749500746F70 /* Debug */,
				FAFFD23E2FC2749500746F70 /* Release */,
			);
			defaultConfigurationIsVisible = 0;
			defaultConfigurationName = Release;
		};
		FAFFD23F2FC2749500746F70 /* Build configuration list for PBXNativeTarget "FormBaseballAIUITests" */ = {
			isa = XCConfigurationList;
			buildConfigurations = (
				FAFFD2402FC2749500746F70 /* Debug */,
				FAFFD2412FC2749500746F70 /* Release */,
			);
			defaultConfigurationIsVisible = 0;
			defaultConfigurationName = Release;
		};
/* End XCConfigurationList section */
	};
	rootObject = FAFFD2102FC2749400746F70 /* Project object */;
}
